
Microsoft Visual Studio Solution File, Format Version 12.00
# Visual Studio Version 17
VisualStudioVersion = 17.4.33110.190
MinimumVisualStudioVersion = 10.0.40219.1
Project("{FAE04EC0-301F-11D3-BF4B-00C04F79EFBC}") = "FirstDotConsole", "FirstDotConsole\FirstDotConsole.csproj", "{61C03142-A551-408A-AD9E-1018649B5409}"
EndProject
Global
	GlobalSection(SolutionConfigurationPlatforms) = preSolution
		Debug|Any CPU = Debug|Any CPU
		Release|Any CPU = Release|Any CPU
	EndGlobalSection
	GlobalSection(ProjectConfigurationPlatforms) = postSolution
		{61C03142-A551-408A-AD9E-1018649B5409}.Debug|Any CPU.ActiveCfg = Debug|Any CPU
		{61C03142-A551-408A-AD9E-1018649B5409}.Debug|Any CPU.Build.0 = Debug|Any CPU
		{61C03142-A551-408A-AD9E-1018649B5409}.Release|Any CPU.ActiveCfg = Release|Any CPU
		{61C03142-A551-408A-AD9E-1018649B5409}.Release|Any CPU.Build.0 = Release|Any CPU
	EndGlobalSection
	GlobalSection(SolutionProperties) = preSolution
		HideSolutionNode = FALSE
	EndGlobalSection
	GlobalSection(ExtensibilityGlobals) = postSolution
		SolutionGuid = {49AE2B57-45A6-405C-810F-8D411F93912F}
	EndGlobalSection
EndGlobal
